// !$*UTF8*$!
{
	archiveVersion = 1;
	classes = {
	};
	objectVersion = 50;
	objects = {

/* Begin PBXBuildFile section */
		B219785122CDD6FF00DC8F8F /* AppDelegate.swift in Sources */ = {isa = PBXBuildFile; fileRef = B219785022CDD6FF00DC8F8F /* AppDelegate.swift */; };
		B219785322CDD6FF00DC8F8F /* SceneDelegate.swift in Sources */ = {isa = PBXBuildFile; fileRef = B219785222CDD6FF00DC8F8F /* SceneDelegate.swift */; };
		B219785522CDD6FF00DC8F8F /* ViewController.swift in Sources */ = {isa = PBXBuildFile; fileRef = B219785422CDD6FF00DC8F8F /* ViewController.swift */; };
		B219785822CDD6FF00DC8F8F /* Main.storyboard in Resources */ = {isa = PBXBuildFile; fileRef = B219785622CDD6FF00DC8F8F /* Main.storyboard */; };
		B219785A22CDD70100DC8F8F /* Assets.xcassets in Resources */ = {isa = PBXBuildFile; fileRef = B219785922CDD70100DC8F8F /* Assets.xcassets */; };
		B219785D22CDD70100DC8F8F /* LaunchScreen.storyboard in Resources */ = {isa = PBXBuildFile; fileRef = B219785B22CDD70100DC8F8F /* LaunchScreen.storyboard */; };
		B219786522CDD82E00DC8F8F /* Movie.swift in Sources */ = {isa = PBXBuildFile; fileRef = B219786422CDD82E00DC8F8F /* Movie.swift */; };
		B23E4D8822D3366400BA7F3D /* SearchResultsManager.swift in Sources */ = {isa = PBXBuildFile; fileRef = B23E4D8722D3366400BA7F3D /* SearchResultsManager.swift */; };
		B286537122D374AF00A8B199 /* movies.json in Resources */ = {isa = PBXBuildFile; fileRef = B286537022D374AE00A8B199 /* movies.json */; };
		B2DABFD122CE3D19002AE845 /* MovieManager.swift in Sources */ = {isa = PBXBuildFile; fileRef = B2DABFD022CE3D19002AE845 /* MovieManager.swift */; };
		B2DABFD322CE411B002AE845 /* SearchControllerDataSource.swift in Sources */ = {isa = PBXBuildFile; fileRef = B2DABFD222CE411B002AE845 /* SearchControllerDataSource.swift */; };
		B2DABFD522CF8707002AE845 /* ResultsTableController.swift in Sources */ = {isa = PBXBuildFile; fileRef = B2DABFD422CF8707002AE845 /* ResultsTableController.swift */; };
/* End PBXBuildFile section */

/* Begin PBXFileReference section */
		B219784D22CDD6FF00DC8F8F /* MovieSearch.app */ = {isa = PBXFileReference; explicitFileType = wrapper.application; includeInIndex = 0; path = MovieSearch.app; sourceTree = BUILT_PRODUCTS_DIR; };
		B219785022CDD6FF00DC8F8F /* AppDelegate.swift */ = {isa = PBXFileReference; lastKnownFileType = sourcecode.swift; path = AppDelegate.swift; sourceTree = "<group>"; };
		B219785222CDD6FF00DC8F8F /* SceneDelegate.swift */ = {isa = PBXFileReference; lastKnownFileType = sourcecode.swift; path = SceneDelegate.swift; sourceTree = "<group>"; };
		B219785422CDD6FF00DC8F8F /* ViewController.swift */ = {isa = PBXFileReference; lastKnownFileType = sourcecode.swift; path = ViewController.swift; sourceTree = "<group>"; };
		B219785722CDD6FF00DC8F8F /* Base */ = {isa = PBXFileReference; lastKnownFileType = file.storyboard; name = Base; path = Base.lproj/Main.storyboard; sourceTree = "<group>"; };
		B219785922CDD70100DC8F8F /* Assets.xcassets */ = {isa = PBXFileReference; lastKnownFileType = folder.assetcatalog; path = Assets.xcassets; sourceTree = "<group>"; };
		B219785C22CDD70100DC8F8F /* Base */ = {isa = PBXFileReference; lastKnownFileType = file.storyboard; name = Base; path = Base.lproj/LaunchScreen.storyboard; sourceTree = "<group>"; };
		B219785E22CDD70100DC8F8F /* Info.plist */ = {isa = PBXFileReference; lastKnownFileType = text.plist.xml; path = Info.plist; sourceTree = "<group>"; };
		B219786422CDD82E00DC8F8F /* Movie.swift */ = {isa = PBXFileReference; lastKnownFileType = sourcecode.swift; path = Movie.swift; sourceTree = "<group>"; };
		B23E4D8722D3366400BA7F3D /* SearchResultsManager.swift */ = {isa = PBXFileReference; lastKnownFileType = sourcecode.swift; path = SearchResultsManager.swift; sourceTree = "<group>"; };
		B286537022D374AE00A8B199 /* movies.json */ = {isa = PBXFileReference; fileEncoding = 4; lastKnownFileType = text.json; path = movies.json; sourceTree = "<group>"; };
		B2DABFD022CE3D19002AE845 /* MovieManager.swift */ = {isa = PBXFileReference; lastKnownFileType = sourcecode.swift; path = MovieManager.swift; sourceTree = "<group>"; };
		B2DABFD222CE411B002AE845 /* SearchControllerDataSource.swift */ = {isa = PBXFileReference; lastKnownFileType = sourcecode.swift; path = SearchControllerDataSource.swift; sourceTree = "<group>"; };
		B2DABFD422CF8707002AE845 /* ResultsTableController.swift */ = {isa = PBXFileReference; fileEncoding = 4; lastKnownFileType = sourcecode.swift; path = ResultsTableController.swift; sourceTree = "<group>"; };
/* End PBXFileReference section */

/* Begin PBXFrameworksBuildPhase section */
		B219784A22CDD6FF00DC8F8F /* Frameworks */ = {
			isa = PBXFrameworksBuildPhase;
			buildActionMask = 2147483647;
			files = (
			);
			runOnlyForDeploymentPostprocessing = 0;
		};
/* End PBXFrameworksBuildPhase section */

/* Begin PBXGroup section */
		B219784422CDD6FF00DC8F8F = {
			isa = PBXGroup;
			children = (
				B219784F22CDD6FF00DC8F8F /* MovieSearch */,
				B219784E22CDD6FF00DC8F8F /* Products */,
			);
			sourceTree = "<group>";
		};
		B219784E22CDD6FF00DC8F8F /* Products */ = {
			isa = PBXGroup;
			children = (
				B219784D22CDD6FF00DC8F8F /* MovieSearch.app */,
			);
			name = Products;
			sourceTree = "<group>";
		};
		B219784F22CDD6FF00DC8F8F /* MovieSearch */ = {
			isa = PBXGroup;
			children = (
				B286537022D374AE00A8B199 /* movies.json */,
				B219785022CDD6FF00DC8F8F /* AppDelegate.swift */,
				B219785222CDD6FF00DC8F8F /* SceneDelegate.swift */,
				B2DABFD422CF8707002AE845 /* ResultsTableController.swift */,
				B23E4D8722D3366400BA7F3D /* SearchResultsManager.swift */,
				B219786422CDD82E00DC8F8F /* Movie.swift */,
				B2DABFD022CE3D19002AE845 /* MovieManager.swift */,
				B219785422CDD6FF00DC8F8F /* ViewController.swift */,
				B2DABFD222CE411B002AE845 /* SearchControllerDataSource.swift */,
				B219785622CDD6FF00DC8F8F /* Main.storyboard */,
				B219785922CDD70100DC8F8F /* Assets.xcassets */,
				B219785B22CDD70100DC8F8F /* LaunchScreen.storyboard */,
				B219785E22CDD70100DC8F8F /* Info.plist */,
			);
			path = MovieSearch;
			sourceTree = "<group>";
		};
/* End PBXGroup section */

/* Begin PBXNativeTarget section */
		B219784C22CDD6FF00DC8F8F /* MovieSearch */ = {
			isa = PBXNativeTarget;
			buildConfigurationList = B219786122CDD70100DC8F8F /* Build configuration list for PBXNativeTarget "MovieSearch" */;
			buildPhases = (
				B219784922CDD6FF00DC8F8F /* Sources */,
				B219784A22CDD6FF00DC8F8F /* Frameworks */,
				B219784B22CDD6FF00DC8F8F /* Resources */,
			);
			buildRules = (
			);
			dependencies = (
			);
			name = MovieSearch;
			productName = MovieSearch;
			productReference = B219784D22CDD6FF00DC8F8F /* MovieSearch.app */;
			productType = "com.apple.product-type.application";
		};
/* End PBXNativeTarget section */

/* Begin PBXProject section */
		B219784522CDD6FF00DC8F8F /* Project object */ = {
			isa = PBXProject;
			attributes = {
				LastSwiftUpdateCheck = 1100;
				LastUpgradeCheck = 1100;
				ORGANIZATIONNAME = "Razvan Litianu";
				TargetAttributes = {
					B219784C22CDD6FF00DC8F8F = {
						CreatedOnToolsVersion = 11.0;
					};
				};
			};
			buildConfigurationList = B219784822CDD6FF00DC8F8F /* Build configuration list for PBXProject "MovieSearch" */;
			compatibilityVersion = "Xcode 9.3";
			developmentRegion = en;
			hasScannedForEncodings = 0;
			knownRegions = (
				en,
				Base,
			);
			mainGroup = B219784422CDD6FF00DC8F8F;
			productRefGroup = B219784E22CDD6FF00DC8F8F /* Products */;
			projectDirPath = "";
			projectRoot = "";
			targets = (
				B219784C22CDD6FF00DC8F8F /* MovieSearch */,
			);
		};
/* End PBXProject section */

/* Begin PBXResourcesBuildPhase section */
		B219784B22CDD6FF00DC8F8F /* Resources */ = {
			isa = PBXResourcesBuildPhase;
			buildActionMask = 2147483647;
			files = (
				B219785D22CDD70100DC8F8F /* LaunchScreen.storyboard in Resources */,
				B219785A22CDD70100DC8F8F /* Assets.xcassets in Resources */,
				B286537122D374AF00A8B199 /* movies.json in Resources */,
				B219785822CDD6FF00DC8F8F /* Main.storyboard in Resources */,
			);
			runOnlyForDeploymentPostprocessing = 0;
		};
/* End PBXResourcesBuildPhase section */

/* Begin PBXSourcesBuildPhase section */
		B219784922CDD6FF00DC8F8F /* Sources */ = {
			isa = PBXSourcesBuildPhase;
			buildActionMask = 2147483647;
			files = (
				B23E4D8822D3366400BA7F3D /* SearchResultsManager.swift in Sources */,
				B2DABFD322CE411B002AE845 /* SearchControllerDataSource.swift in Sources */,
				B219785522CDD6FF00DC8F8F /* ViewController.swift in Sources */,
				B219785122CDD6FF00DC8F8F /* AppDelegate.swift in Sources */,
				B2DABFD122CE3D19002AE845 /* MovieManager.swift in Sources */,
				B2DABFD522CF8707002AE845 /* ResultsTableController.swift in Sources */,
				B219786522CDD82E00DC8F8F /* Movie.swift in Sources */,
				B219785322CDD6FF00DC8F8F /* SceneDelegate.swift in Sources */,
			);
			runOnlyForDeploymentPostprocessing = 0;
		};
/* End PBXSourcesBuildPhase section */

/* Begin PBXVariantGroup section */
		B219785622CDD6FF00DC8F8F /* Main.storyboard */ = {
			isa = PBXVariantGroup;
			children = (
				B219785722CDD6FF00DC8F8F /* Base */,
			);
			name = Main.storyboard;
			sourceTree = "<group>";
		};
		B219785B22CDD70100DC8F8F /* LaunchScreen.storyboard */ = {
			isa = PBXVariantGroup;
			children = (
				B219785C22CDD70100DC8F8F /* Base */,
			);
			name = LaunchScreen.storyboard;
			sourceTree = "<group>";
		};
/* End PBXVariantGroup section */

/* Begin XCBuildConfiguration section */
		B219785F22CDD70100DC8F8F /* Debug */ = {
			isa = XCBuildConfiguration;
			buildSettings = {
				ALWAYS_SEARCH_USER_PATHS = NO;
				CLANG_ANALYZER_NONNULL = YES;
				CLANG_ANALYZER_NUMBER_OBJECT_CONVERSION = YES_AGGRESSIVE;
				CLANG_CXX_LANGUAGE_STANDARD = "gnu++14";
				CLANG_CXX_LIBRARY = "libc++";
				CLANG_ENABLE_MODULES = YES;
				CLANG_ENABLE_OBJC_ARC = YES;
				CLANG_ENABLE_OBJC_WEAK = YES;
				CLANG_WARN_BLOCK_CAPTURE_AUTORELEASING = YES;
				CLANG_WARN_BOOL_CONVERSION = YES;
				CLANG_WARN_COMMA = YES;
				CLANG_WARN_CONSTANT_CONVERSION = YES;
				CLANG_WARN_DEPRECATED_OBJC_IMPLEMENTATIONS = YES;
				CLANG_WARN_DIRECT_OBJC_ISA_USAGE = YES_ERROR;
				CLANG_WARN_DOCUMENTATION_COMMENTS = YES;
				CLANG_WARN_EMPTY_BODY = YES;
				CLANG_WARN_ENUM_CONVERSION = YES;
				CLANG_WARN_INFINITE_RECURSION = YES;
				CLANG_WARN_INT_CONVERSION = YES;
				CLANG_WARN_NON_LITERAL_NULL_CONVERSION = YES;
				CLANG_WARN_OBJC_IMPLICIT_RETAIN_SELF = YES;
				CLANG_WARN_OBJC_LITERAL_CONVERSION = YES;
				CLANG_WARN_OBJC_ROOT_CLASS = YES_ERROR;
				CLANG_WARN_RANGE_LOOP_ANALYSIS = YES;
				CLANG_WARN_STRICT_PROTOTYPES = YES;
				CLANG_WARN_SUSPICIOUS_MOVE = YES;
				CLANG_WARN_UNGUARDED_AVAILABILITY = YES_AGGRESSIVE;
				CLANG_WARN_UNREACHABLE_CODE = YES;
				CLANG_WARN__DUPLICATE_METHOD_MATCH = YES;
				COPY_PHASE_STRIP = NO;
				DEBUG_INFORMATION_FORMAT = dwarf;
				ENABLE_STRICT_OBJC_MSGSEND = YES;
				ENABLE_TESTABILITY = YES;
				GCC_C_LANGUAGE_STANDARD = gnu11;
				GCC_DYNAMIC_NO_PIC = NO;
				GCC_NO_COMMON_BLOCKS = YES;
				GCC_OPTIMIZATION_LEVEL = 0;
				GCC_PREPROCESSOR_DEFINITIONS = (
					"DEBUG=1",
					"$(inherited)",
				);
				GCC_WARN_64_TO_32_BIT_CONVERSION = YES;
				GCC_WARN_ABOUT_RETURN_TYPE = YES_ERROR;
				GCC_WARN_UNDECLARED_SELECTOR = YES;
				GCC_WARN_UNINITIALIZED_AUTOS = YES_AGGRESSIVE;
				GCC_WARN_UNUSED_FUNCTION = YES;
				GCC_WARN_UNUSED_VARIABLE = YES;
				IPHONEOS_DEPLOYMENT_TARGET = 13.0;
				MTL_ENABLE_DEBUG_INFO = INCLUDE_SOURCE;
				MTL_FAST_MATH = YES;
				ONLY_ACTIVE_ARCH = YES;
				SDKROOT = iphoneos;
				SWIFT_ACTIVE_COMPILATION_CONDITIONS = DEBUG;
				SWIFT_OPTIMIZATION_LEVEL = "-Onone";
			};
			name = Debug;
		};
		B219786022CDD70100DC8F8F /* Release */ = {
			isa = XCBuildConfiguration;
			buildSettings = {
				ALWAYS_SEARCH_USER_PATHS = NO;
				CLANG_ANALYZER_NONNULL = YES;
				CLANG_ANALYZER_NUMBER_OBJECT_CONVERSION = YES_AGGRESSIVE;
				CLANG_CXX_LANGUAGE_STANDARD = "gnu++14";
				CLANG_CXX_LIBRARY = "libc++";
				CLANG_ENABLE_MODULES = YES;
				CLANG_ENABLE_OBJC_ARC = YES;
				CLANG_ENABLE_OBJC_WEAK = YES;
				CLANG_WARN_BLOCK_CAPTURE_AUTORELEASING = YES;
				CLANG_WARN_BOOL_CONVERSION = YES;
				CLANG_WARN_COMMA = YES;
				CLANG_WARN_CONSTANT_CONVERSION = YES;
				CLANG_WARN_DEPRECATED_OBJC_IMPLEMENTATIONS = YES;
				CLANG_WARN_DIRECT_OBJC_ISA_USAGE = YES_ERROR;
				CLANG_WARN_DOCUMENTATION_COMMENTS = YES;
				CLANG_WARN_EMPTY_BODY = YES;
				CLANG_WARN_ENUM_CONVERSION = YES;
				CLANG_WARN_INFINITE_RECURSION = YES;
				CLANG_WARN_INT_CONVERSION = YES;
				CLANG_WARN_NON_LITERAL_NULL_CONVERSION = YES;
				CLANG_WARN_OBJC_IMPLICIT_RETAIN_SELF = YES;
				CLANG_WARN_OBJC_LITERAL_CONVERSION = YES;
				CLANG_WARN_OBJC_ROOT_CLASS = YES_ERROR;
				CLANG_WARN_RANGE_LOOP_ANALYSIS = YES;
				CLANG_WARN_STRICT_PROTOTYPES = YES;
				CLANG_WARN_SUSPICIOUS_MOVE = YES;
				CLANG_WARN_UNGUARDED_AVAILABILITY = YES_AGGRESSIVE;
				CLANG_WARN_UNREACHABLE_CODE = YES;
				CLANG_WARN__DUPLICATE_METHOD_MATCH = YES;
				COPY_PHASE_STRIP = NO;
				DEBUG_INFORMATION_FORMAT = "dwarf-with-dsym";
				ENABLE_NS_ASSERTIONS = NO;
				ENABLE_STRICT_OBJC_MSGSEND = YES;
				GCC_C_LANGUAGE_STANDARD = gnu11;
				GCC_NO_COMMON_BLOCKS = YES;
				GCC_WARN_64_TO_32_BIT_CONVERSION = YES;
				GCC_WARN_ABOUT_RETURN_TYPE = YES_ERROR;
				GCC_WARN_UNDECLARED_SELECTOR = YES;
				GCC_WARN_UNINITIALIZED_AUTOS = YES_AGGRESSIVE;
				GCC_WARN_UNUSED_FUNCTION = YES;
				GCC_WARN_UNUSED_VARIABLE = YES;
				IPHONEOS_DEPLOYMENT_TARGET = 13.0;
				MTL_ENABLE_DEBUG_INFO = NO;
				MTL_FAST_MATH = YES;
				SDKROOT = iphoneos;
				SWIFT_COMPILATION_MODE = wholemodule;
				SWIFT_OPTIMIZATION_LEVEL = "-O";
				VALIDATE_PRODUCT = YES;
			};
			name = Release;
		};
		B219786222CDD70100DC8F8F /* Debug */ = {
			isa = XCBuildConfiguration;
			buildSettings = {
				ASSETCATALOG_COMPILER_APPICON_NAME = AppIcon;
				CODE_SIGN_STYLE = Automatic;
				DEVELOPMENT_TEAM = E4H46QLP23;
				INFOPLIST_FILE = MovieSearch/Info.plist;
				LD_RUNPATH_SEARCH_PATHS = (
					"$(inherited)",
					"@executable_path/Frameworks",
				);
				PRODUCT_BUNDLE_IDENTIFIER = com.razvanlitianu.MovieSearch;
				PRODUCT_NAME = "$(TARGET_NAME)";
				SWIFT_VERSION = 5.0;
				TARGETED_DEVICE_FAMILY = "1,2";
			};
			name = Debug;
		};
		B219786322CDD70100DC8F8F /* Release */ = {
			isa = XCBuildConfiguration;
			buildSettings = {
				ASSETCATALOG_COMPILER_APPICON_NAME = AppIcon;
				CODE_SIGN_STYLE = Automatic;
				DEVELOPMENT_TEAM = E4H46QLP23;
				INFOPLIST_FILE = MovieSearch/Info.plist;
				LD_RUNPATH_SEARCH_PATHS = (
					"$(inherited)",
					"@executable_path/Frameworks",
				);
				PRODUCT_BUNDLE_IDENTIFIER = com.razvanlitianu.MovieSearch;
				PRODUCT_NAME = "$(TARGET_NAME)";
				SWIFT_VERSION = 5.0;
				TARGETED_DEVICE_FAMILY = "1,2";
			};
			name = Release;
		};
/* End XCBuildConfiguration section */

/* Begin XCConfigurationList section */
		B219784822CDD6FF00DC8F8F /* Build configuration list for PBXProject "MovieSearch" */ = {
			isa = XCConfigurationList;
			buildConfigurations = (
				B219785F22CDD70100DC8F8F /* Debug */,
				B219786022CDD70100DC8F8F /* Release */,
			);
			defaultConfigurationIsVisible = 0;
			defaultConfigurationName = Release;
		};
		B219786122CDD70100DC8F8F /* Build configuration list for PBXNativeTarget "MovieSearch" */ = {
			isa = XCConfigurationList;
			buildConfigurations = (
				B219786222CDD70100DC8F8F /* Debug */,
				B219786322CDD70100DC8F8F /* Release */,
			);
			defaultConfigurationIsVisible = 0;
			defaultConfigurationName = Release;
		};
/* End XCConfigurationList section */
	};
	rootObject = B219784522CDD6FF00DC8F8F /* Project object */;
}
